
Microsoft Visual Studio Solution File, Format Version 12.00
# Visual Studio Version 16
VisualStudioVersion = 16.0.31911.196
MinimumVisualStudioVersion = 10.0.40219.1
Project("{FAE04EC0-301F-11D3-BF4B-00C04F79EFBC}") = "DecoratorPattern", "DecoratorPattern.csproj", "{57380BE3-2F87-45DB-AEF5-256E9FD75630}"
EndProject
Global
	GlobalSection(SolutionConfigurationPlatforms) = preSolution
		Debug|Any CPU = Debug|Any CPU
		Release|Any CPU = Release|Any CPU
	EndGlobalSection
	GlobalSection(ProjectConfigurationPlatforms) = postSolution
		{57380BE3-2F87-45DB-AEF5-256E9FD75630}.Debug|Any CPU.ActiveCfg = Debug|Any CPU
		{57380BE3-2F87-45DB-AEF5-256E9FD75630}.Debug|Any CPU.Build.0 = Debug|Any CPU
		{57380BE3-2F87-45DB-AEF5-256E9FD75630}.Release|Any CPU.ActiveCfg = Release|Any CPU
		{57380BE3-2F87-45DB-AEF5-256E9FD75630}.Release|Any CPU.Build.0 = Release|Any CPU
	EndGlobalSection
	GlobalSection(SolutionProperties) = preSolution
		HideSolutionNode = FALSE
	EndGlobalSection
	GlobalSection(ExtensibilityGlobals) = postSolution
		SolutionGuid = {27E42150-76B7-44F9-9330-63C932D0117B}
	EndGlobalSection
EndGlobal
